
Microsoft Visual Studio Solution File, Format Version 12.00
# Visual Studio Version 16
VisualStudioVersion = 16.0.31005.135
MinimumVisualStudioVersion = 10.0.40219.1
Project("{9A19103F-16F7-4668-BE54-9A1E7A4F7556}") = "Day1Task2", "Day1Task2\Day1Task2.csproj", "{4ABF950D-7C8D-43BF-A840-E148ECBF0E60}"
EndProject
Project("{9A19103F-16F7-4668-BE54-9A1E7A4F7556}") = "Day2Task6", "Day2Task6\Day2Task6.csproj", "{86A5C55F-CAE8-4B1D-A2BE-58F705AB65A1}"
EndProject
Project("{9A19103F-16F7-4668-BE54-9A1E7A4F7556}") = "Day3Task3", "Day3Task3\Day3Task3.csproj", "{14105E7A-1CB0-479E-8A12-4274DF343C2A}"
EndProject
Project("{FAE04EC0-301F-11D3-BF4B-00C04F79EFBC}") = "Day4Task5", "Day4Task5\Day4Task5.csproj", "{C15A78C7-7E8F-456A-A1C7-A73DED50EF76}"
EndProject
Global
	GlobalSection(SolutionConfigurationPlatforms) = preSolution
		Debug|Any CPU = Debug|Any CPU
		Release|Any CPU = Release|Any CPU
	EndGlobalSection
	GlobalSection(ProjectConfigurationPlatforms) = postSolution
		{4ABF950D-7C8D-43BF-A840-E148ECBF0E60}.Debug|Any CPU.ActiveCfg = Debug|Any CPU
		{4ABF950D-7C8D-43BF-A840-E148ECBF0E60}.Debug|Any CPU.Build.0 = Debug|Any CPU
		{4ABF950D-7C8D-43BF-A840-E148ECBF0E60}.Release|Any CPU.ActiveCfg = Release|Any CPU
		{4ABF950D-7C8D-43BF-A840-E148ECBF0E60}.Release|Any CPU.Build.0 = Release|Any CPU
		{86A5C55F-CAE8-4B1D-A2BE-58F705AB65A1}.Debug|Any CPU.ActiveCfg = Debug|Any CPU
		{86A5C55F-CAE8-4B1D-A2BE-58F705AB65A1}.Debug|Any CPU.Build.0 = Debug|Any CPU
		{86A5C55F-CAE8-4B1D-A2BE-58F705AB65A1}.Release|Any CPU.ActiveCfg = Release|Any CPU
		{86A5C55F-CAE8-4B1D-A2BE-58F705AB65A1}.Release|Any CPU.Build.0 = Release|Any CPU
		{14105E7A-1CB0-479E-8A12-4274DF343C2A}.Debug|Any CPU.ActiveCfg = Debug|Any CPU
		{14105E7A-1CB0-479E-8A12-4274DF343C2A}.Debug|Any CPU.Build.0 = Debug|Any CPU
		{14105E7A-1CB0-479E-8A12-4274DF343C2A}.Release|Any CPU.ActiveCfg = Release|Any CPU
		{14105E7A-1CB0-479E-8A12-4274DF343C2A}.Release|Any CPU.Build.0 = Release|Any CPU
		{C15A78C7-7E8F-456A-A1C7-A73DED50EF76}.Debug|Any CPU.ActiveCfg = Debug|Any CPU
		{C15A78C7-7E8F-456A-A1C7-A73DED50EF76}.Debug|Any CPU.Build.0 = Debug|Any CPU
		{C15A78C7-7E8F-456A-A1C7-A73DED50EF76}.Release|Any CPU.ActiveCfg = Release|Any CPU
		{C15A78C7-7E8F-456A-A1C7-A73DED50EF76}.Release|Any CPU.Build.0 = Release|Any CPU
	EndGlobalSection
	GlobalSection(SolutionProperties) = preSolution
		HideSolutionNode = FALSE
	EndGlobalSection
	GlobalSection(ExtensibilityGlobals) = postSolution
		SolutionGuid = {7CC34772-C712-45BF-9CA8-5B7F67E73882}
	EndGlobalSection
EndGlobal
